
Microsoft Visual Studio Solution File, Format Version 12.00
# Visual Studio Version 16
VisualStudioVersion = 16.0.30717.126
MinimumVisualStudioVersion = 10.0.40219.1
Project("{9A19103F-16F7-4668-BE54-9A1E7A4F7556}") = "Entities", "Entities\Entities.csproj", "{D6A150C2-9553-4188-8925-4D8636D7F316}"
EndProject
Project("{9A19103F-16F7-4668-BE54-9A1E7A4F7556}") = "DataAccess", "DataAccess\DataAccess.csproj", "{BBBEF9C2-B165-4C53-834D-F1C8704F8380}"
EndProject
Project("{9A19103F-16F7-4668-BE54-9A1E7A4F7556}") = "Business", "Business\Business.csproj", "{8E8A0FB9-123B-425B-B0E3-A2E2BDD769BD}"
EndProject
Project("{9A19103F-16F7-4668-BE54-9A1E7A4F7556}") = "Console", "Console\Console.csproj", "{E0EABBEF-23AB-4FC8-904B-0B1A9E5C47F3}"
EndProject
Project("{9A19103F-16F7-4668-BE54-9A1E7A4F7556}") = "Core", "Core\Core.csproj", "{0A1F5C99-235B-44DB-8A80-A47676DFDAEC}"
EndProject
Project("{FAE04EC0-301F-11D3-BF4B-00C04F79EFBC}") = "WebAPI", "WebAPI\WebAPI.csproj", "{6AA16BB8-4A39-4606-9C30-C77CF314CB1C}"
EndProject
Global
	GlobalSection(SolutionConfigurationPlatforms) = preSolution
		Debug|Any CPU = Debug|Any CPU
		Debug|x64 = Debug|x64
		Release|Any CPU = Release|Any CPU
		Release|x64 = Release|x64
		x64|Any CPU = x64|Any CPU
		x64|x64 = x64|x64
	EndGlobalSection
	GlobalSection(ProjectConfigurationPlatforms) = postSolution
		{D6A150C2-9553-4188-8925-4D8636D7F316}.Debug|Any CPU.ActiveCfg = Debug|Any CPU
		{D6A150C2-9553-4188-8925-4D8636D7F316}.Debug|Any CPU.Build.0 = Debug|Any CPU
		{D6A150C2-9553-4188-8925-4D8636D7F316}.Debug|x64.ActiveCfg = Debug|x64
		{D6A150C2-9553-4188-8925-4D8636D7F316}.Debug|x64.Build.0 = Debug|x64
		{D6A150C2-9553-4188-8925-4D8636D7F316}.Release|Any CPU.ActiveCfg = Release|Any CPU
		{D6A150C2-9553-4188-8925-4D8636D7F316}.Release|Any CPU.Build.0 = Release|Any CPU
		{D6A150C2-9553-4188-8925-4D8636D7F316}.Release|x64.ActiveCfg = Release|x64
		{D6A150C2-9553-4188-8925-4D8636D7F316}.Release|x64.Build.0 = Release|x64
		{D6A150C2-9553-4188-8925-4D8636D7F316}.x64|Any CPU.ActiveCfg = x64|Any CPU
		{D6A150C2-9553-4188-8925-4D8636D7F316}.x64|Any CPU.Build.0 = x64|Any CPU
		{D6A150C2-9553-4188-8925-4D8636D7F316}.x64|x64.ActiveCfg = x64|x64
		{D6A150C2-9553-4188-8925-4D8636D7F316}.x64|x64.Build.0 = x64|x64
		{BBBEF9C2-B165-4C53-834D-F1C8704F8380}.Debug|Any CPU.ActiveCfg = Debug|Any CPU
		{BBBEF9C2-B165-4C53-834D-F1C8704F8380}.Debug|Any CPU.Build.0 = Debug|Any CPU
		{BBBEF9C2-B165-4C53-834D-F1C8704F8380}.Debug|x64.ActiveCfg = Debug|x64
		{BBBEF9C2-B165-4C53-834D-F1C8704F8380}.Debug|x64.Build.0 = Debug|x64
		{BBBEF9C2-B165-4C53-834D-F1C8704F8380}.Release|Any CPU.ActiveCfg = Release|Any CPU
		{BBBEF9C2-B165-4C53-834D-F1C8704F8380}.Release|Any CPU.Build.0 = Release|Any CPU
		{BBBEF9C2-B165-4C53-834D-F1C8704F8380}.Release|x64.ActiveCfg = Release|x64
		{BBBEF9C2-B165-4C53-834D-F1C8704F8380}.Release|x64.Build.0 = Release|x64
		{BBBEF9C2-B165-4C53-834D-F1C8704F8380}.x64|Any CPU.ActiveCfg = x64|Any CPU
		{BBBEF9C2-B165-4C53-834D-F1C8704F8380}.x64|Any CPU.Build.0 = x64|Any CPU
		{BBBEF9C2-B165-4C53-834D-F1C8704F8380}.x64|x64.ActiveCfg = x64|x64
		{BBBEF9C2-B165-4C53-834D-F1C8704F8380}.x64|x64.Build.0 = x64|x64
		{8E8A0FB9-123B-425B-B0E3-A2E2BDD769BD}.Debug|Any CPU.ActiveCfg = Debug|Any CPU
		{8E8A0FB9-123B-425B-B0E3-A2E2BDD769BD}.Debug|Any CPU.Build.0 = Debug|Any CPU
		{8E8A0FB9-123B-425B-B0E3-A2E2BDD769BD}.Debug|x64.ActiveCfg = Debug|x64
		{8E8A0FB9-123B-425B-B0E3-A2E2BDD769BD}.Debug|x64.Build.0 = Debug|x64
		{8E8A0FB9-123B-425B-B0E3-A2E2BDD769BD}.Release|Any CPU.ActiveCfg = Release|Any CPU
		{8E8A0FB9-123B-425B-B0E3-A2E2BDD769BD}.Release|Any CPU.Build.0 = Release|Any CPU
		{8E8A0FB9-123B-425B-B0E3-A2E2BDD769BD}.Release|x64.ActiveCfg = Release|x64
		{8E8A0FB9-123B-425B-B0E3-A2E2BDD769BD}.Release|x64.Build.0 = Release|x64
		{8E8A0FB9-123B-425B-B0E3-A2E2BDD769BD}.x64|Any CPU.ActiveCfg = x64|Any CPU
		{8E8A0FB9-123B-425B-B0E3-A2E2BDD769BD}.x64|Any CPU.Build.0 = x64|Any CPU
		{8E8A0FB9-123B-425B-B0E3-A2E2BDD769BD}.x64|x64.ActiveCfg = x64|x64
		{8E8A0FB9-123B-425B-B0E3-A2E2BDD769BD}.x64|x64.Build.0 = x64|x64
		{E0EABBEF-23AB-4FC8-904B-0B1A9E5C47F3}.Debug|Any CPU.ActiveCfg = Debug|Any CPU
		{E0EABBEF-23AB-4FC8-904B-0B1A9E5C47F3}.Debug|Any CPU.Build.0 = Debug|Any CPU
		{E0EABBEF-23AB-4FC8-904B-0B1A9E5C47F3}.Debug|x64.ActiveCfg = Debug|x64
		{E0EABBEF-23AB-4FC8-904B-0B1A9E5C47F3}.Debug|x64.Build.0 = Debug|x64
		{E0EABBEF-23AB-4FC8-904B-0B1A9E5C47F3}.Release|Any CPU.ActiveCfg = Release|Any CPU
		{E0EABBEF-23AB-4FC8-904B-0B1A9E5C47F3}.Release|Any CPU.Build.0 = Release|Any CPU
		{E0EABBEF-23AB-4FC8-904B-0B1A9E5C47F3}.Release|x64.ActiveCfg = Release|x64
		{E0EABBEF-23AB-4FC8-904B-0B1A9E5C47F3}.Release|x64.Build.0 = Release|x64
		{E0EABBEF-23AB-4FC8-904B-0B1A9E5C47F3}.x64|Any CPU.ActiveCfg = x64|Any CPU
		{E0EABBEF-23AB-4FC8-904B-0B1A9E5C47F3}.x64|Any CPU.Build.0 = x64|Any CPU
		{E0EABBEF-23AB-4FC8-904B-0B1A9E5C47F3}.x64|x64.ActiveCfg = x64|x64
		{E0EABBEF-23AB-4FC8-904B-0B1A9E5C47F3}.x64|x64.Build.0 = x64|x64
		{0A1F5C99-235B-44DB-8A80-A47676DFDAEC}.Debug|Any CPU.ActiveCfg = Debug|Any CPU
		{0A1F5C99-235B-44DB-8A80-A47676DFDAEC}.Debug|Any CPU.Build.0 = Debug|Any CPU
		{0A1F5C99-235B-44DB-8A80-A47676DFDAEC}.Debug|x64.ActiveCfg = Debug|x64
		{0A1F5C99-235B-44DB-8A80-A47676DFDAEC}.Debug|x64.Build.0 = Debug|x64
		{0A1F5C99-235B-44DB-8A80-A47676DFDAEC}.Release|Any CPU.ActiveCfg = Release|Any CPU
		{0A1F5C99-235B-44DB-8A80-A47676DFDAEC}.Release|Any CPU.Build.0 = Release|Any CPU
		{0A1F5C99-235B-44DB-8A80-A47676DFDAEC}.Release|x64.ActiveCfg = Release|x64
		{0A1F5C99-235B-44DB-8A80-A47676DFDAEC}.Release|x64.Build.0 = Release|x64
		{0A1F5C99-235B-44DB-8A80-A47676DFDAEC}.x64|Any CPU.ActiveCfg = x64|Any CPU
		{0A1F5C99-235B-44DB-8A80-A47676DFDAEC}.x64|Any CPU.Build.0 = x64|Any CPU
		{0A1F5C99-235B-44DB-8A80-A47676DFDAEC}.x64|x64.ActiveCfg = x64|x64
		{0A1F5C99-235B-44DB-8A80-A47676DFDAEC}.x64|x64.Build.0 = x64|x64
		{6AA16BB8-4A39-4606-9C30-C77CF314CB1C}.Debug|Any CPU.ActiveCfg = Debug|Any CPU
		{6AA16BB8-4A39-4606-9C30-C77CF314CB1C}.Debug|Any CPU.Build.0 = Debug|Any CPU
		{6AA16BB8-4A39-4606-9C30-C77CF314CB1C}.Debug|x64.ActiveCfg = Debug|Any CPU
		{6AA16BB8-4A39-4606-9C30-C77CF314CB1C}.Debug|x64.Build.0 = Debug|Any CPU
		{6AA16BB8-4A39-4606-9C30-C77CF314CB1C}.Release|Any CPU.ActiveCfg = Release|Any CPU
		{6AA16BB8-4A39-4606-9C30-C77CF314CB1C}.Release|Any CPU.Build.0 = Release|Any CPU
		{6AA16BB8-4A39-4606-9C30-C77CF314CB1C}.Release|x64.ActiveCfg = Release|Any CPU
		{6AA16BB8-4A39-4606-9C30-C77CF314CB1C}.Release|x64.Build.0 = Release|Any CPU
		{6AA16BB8-4A39-4606-9C30-C77CF314CB1C}.x64|Any CPU.ActiveCfg = Debug|Any CPU
		{6AA16BB8-4A39-4606-9C30-C77CF314CB1C}.x64|Any CPU.Build.0 = Debug|Any CPU
		{6AA16BB8-4A39-4606-9C30-C77CF314CB1C}.x64|x64.ActiveCfg = Debug|Any CPU
		{6AA16BB8-4A39-4606-9C30-C77CF314CB1C}.x64|x64.Build.0 = Debug|Any CPU
	EndGlobalSection
	GlobalSection(SolutionProperties) = preSolution
		HideSolutionNode = FALSE
	EndGlobalSection
	GlobalSection(ExtensibilityGlobals) = postSolution
		SolutionGuid = {B4A7F7FB-6DFD-4EAD-83F3-7064EB603C1E}
	EndGlobalSection
EndGlobal
